
Microsoft Visual Studio Solution File, Format Version 12.00
# Visual Studio 14
VisualStudioVersion = 14.0.25420.1
MinimumVisualStudioVersion = 10.0.40219.1
Project("{2150E333-8FDC-42A3-9474-1A3956D46DE8}") = "src", "src", "{0F12DC98-26AC-4466-B5B9-C3EC4E327693}"
EndProject
Project("{2150E333-8FDC-42A3-9474-1A3956D46DE8}") = "Solution Items", "Solution Items", "{4000F134-C07E-479C-8F83-C1AC976B72B6}"
	ProjectSection(SolutionItems) = preProject
		global.json = global.json
	EndProjectSection
EndProject
Project("{8BB2217D-0F2D-49D1-97BC-3654ED321F3B}") = "ConfigurationManager", "src\ConfigurationManager\ConfigurationManager.xproj", "{C47AA79E-7050-4240-A61C-E2B068873324}"
EndProject
Project("{2150E333-8FDC-42A3-9474-1A3956D46DE8}") = "test", "test", "{5CEBCD8D-0EA4-4A60-AE2C-83ED0CA4C88C}"
EndProject
Project("{8BB2217D-0F2D-49D1-97BC-3654ED321F3B}") = "ConfigurationManager.Tests", "test\ConfigurationManager.Tests\ConfigurationManager.Tests.xproj", "{22543AFA-6D4A-447A-AE01-9C5465C095CA}"
EndProject
Global
	GlobalSection(SolutionConfigurationPlatforms) = preSolution
		Debug|Any CPU = Debug|Any CPU
		Release|Any CPU = Release|Any CPU
	EndGlobalSection
	GlobalSection(ProjectConfigurationPlatforms) = postSolution
		{C47AA79E-7050-4240-A61C-E2B068873324}.Debug|Any CPU.ActiveCfg = Debug|Any CPU
		{C47AA79E-7050-4240-A61C-E2B068873324}.Debug|Any CPU.Build.0 = Debug|Any CPU
		{C47AA79E-7050-4240-A61C-E2B068873324}.Release|Any CPU.ActiveCfg = Release|Any CPU
		{C47AA79E-7050-4240-A61C-E2B068873324}.Release|Any CPU.Build.0 = Release|Any CPU
		{22543AFA-6D4A-447A-AE01-9C5465C095CA}.Debug|Any CPU.ActiveCfg = Debug|Any CPU
		{22543AFA-6D4A-447A-AE01-9C5465C095CA}.Debug|Any CPU.Build.0 = Debug|Any CPU
		{22543AFA-6D4A-447A-AE01-9C5465C095CA}.Release|Any CPU.ActiveCfg = Release|Any CPU
		{22543AFA-6D4A-447A-AE01-9C5465C095CA}.Release|Any CPU.Build.0 = Release|Any CPU
	EndGlobalSection
	GlobalSection(SolutionProperties) = preSolution
		HideSolutionNode = FALSE
	EndGlobalSection
	GlobalSection(NestedProjects) = preSolution
		{C47AA79E-7050-4240-A61C-E2B068873324} = {0F12DC98-26AC-4466-B5B9-C3EC4E327693}
		{22543AFA-6D4A-447A-AE01-9C5465C095CA} = {5CEBCD8D-0EA4-4A60-AE2C-83ED0CA4C88C}
	EndGlobalSection
EndGlobal
